// !$*UTF8*$!
{
	archiveVersion = 1;
	classes = {
	};
	objectVersion = 56;
	objects = {

/* Begin PBXBuildFile section */
		2AB1E21A2D9CD04F009AAF9A /* Extensions .swift in Sources */ = {isa = PBXBuildFile; fileRef = 2AB1E2192D9CD04F009AAF9A /* Extensions .swift */; };
		DB418AD62AF09785009836DA /* RegisterViewHome.swift in Sources */ = {isa = PBXBuildFile; fileRef = DB418AD52AF09785009836DA /* RegisterViewHome.swift */; };
		DB484B862AD594C900E59A44 /* Alamofire in Frameworks */ = {isa = PBXBuildFile; productRef = DB484B852AD594C900E59A44 /* Alamofire */; };
		DB484B882AD594E900E59A44 /* RequestAlamofireTest.swift in Sources */ = {isa = PBXBuildFile; fileRef = DB484B872AD594E900E59A44 /* RequestAlamofireTest.swift */; };
		DB484B972AD5FBAF00E59A44 /* ServiceHome.swift in Sources */ = {isa = PBXBuildFile; fileRef = DB484B962AD5FBAF00E59A44 /* ServiceHome.swift */; };
		DB484B992AD60C0A00E59A44 /* ListView.swift in Sources */ = {isa = PBXBuildFile; fileRef = DB484B982AD60C0A00E59A44 /* ListView.swift */; };
		DB484B9B2AD60CB800E59A44 /* ListViewMock.swift in Sources */ = {isa = PBXBuildFile; fileRef = DB484B9A2AD60CB800E59A44 /* ListViewMock.swift */; };
		DB484B9D2AD6105F00E59A44 /* ListViewHome.swift in Sources */ = {isa = PBXBuildFile; fileRef = DB484B9C2AD6105F00E59A44 /* ListViewHome.swift */; };
		DB484B9F2AD625E500E59A44 /* ContentViewHome.swift in Sources */ = {isa = PBXBuildFile; fileRef = DB484B9E2AD625E500E59A44 /* ContentViewHome.swift */; };
		DB4BA0472AE0941E00429218 /* DetailViews.swift in Sources */ = {isa = PBXBuildFile; fileRef = DB4BA0462AE0941E00429218 /* DetailViews.swift */; };
		DB6A7E562AD89F42005F1065 /* CarrosselHome.swift in Sources */ = {isa = PBXBuildFile; fileRef = DB6A7E552AD89F42005F1065 /* CarrosselHome.swift */; };
		DB6A7E582AD8A275005F1065 /* CarrosselTabViewHome.swift in Sources */ = {isa = PBXBuildFile; fileRef = DB6A7E572AD8A275005F1065 /* CarrosselTabViewHome.swift */; };
		DB6A7E5B2AD8A7D4005F1065 /* LojasParceiras.swift in Sources */ = {isa = PBXBuildFile; fileRef = DB6A7E5A2AD8A7D4005F1065 /* LojasParceiras.swift */; };
		DB6A7E612AD8CB11005F1065 /* HomeVIewApp.swift in Sources */ = {isa = PBXBuildFile; fileRef = DB6A7E602AD8CB11005F1065 /* HomeVIewApp.swift */; };
		DB7CA46D2AD0CD720055889F /* NewObject.swift in Sources */ = {isa = PBXBuildFile; fileRef = DB7CA46C2AD0CD720055889F /* NewObject.swift */; };
		DB7CA4722AD0E1B00055889F /* HomeService.swift in Sources */ = {isa = PBXBuildFile; fileRef = DB7CA4712AD0E1B00055889F /* HomeService.swift */; };
		DB7CA4742AD0FB360055889F /* TestView.swift in Sources */ = {isa = PBXBuildFile; fileRef = DB7CA4732AD0FB360055889F /* TestView.swift */; };
		DBC3283E2ACC3C22009A3A12 /* MeuDinheiroApp.swift in Sources */ = {isa = PBXBuildFile; fileRef = DBC3283D2ACC3C22009A3A12 /* MeuDinheiroApp.swift */; };
		DBC328402ACC3C22009A3A12 /* ContentView.swift in Sources */ = {isa = PBXBuildFile; fileRef = DBC3283F2ACC3C22009A3A12 /* ContentView.swift */; };
		DBC328422ACC3C2C009A3A12 /* Assets.xcassets in Resources */ = {isa = PBXBuildFile; fileRef = DBC328412ACC3C2C009A3A12 /* Assets.xcassets */; };
		DBC328452ACC3C2C009A3A12 /* Preview Assets.xcassets in Resources */ = {isa = PBXBuildFile; fileRef = DBC328442ACC3C2C009A3A12 /* Preview Assets.xcassets */; };
/* End PBXBuildFile section */

/* Begin PBXFileReference section */
		2AB1E2192D9CD04F009AAF9A /* Extensions .swift */ = {isa = PBXFileReference; lastKnownFileType = sourcecode.swift; path = "Extensions .swift"; sourceTree = "<group>"; };
		2AB1E2202D9CD50C009AAF9A /* Doc.txt */ = {isa = PBXFileReference; lastKnownFileType = text; path = Doc.txt; sourceTree = "<group>"; };
		DB418AD52AF09785009836DA /* RegisterViewHome.swift */ = {isa = PBXFileReference; lastKnownFileType = sourcecode.swift; path = RegisterViewHome.swift; sourceTree = "<group>"; };
		DB484B872AD594E900E59A44 /* RequestAlamofireTest.swift */ = {isa = PBXFileReference; lastKnownFileType = sourcecode.swift; path = RequestAlamofireTest.swift; sourceTree = "<group>"; };
		DB484B962AD5FBAF00E59A44 /* ServiceHome.swift */ = {isa = PBXFileReference; lastKnownFileType = sourcecode.swift; path = ServiceHome.swift; sourceTree = "<group>"; };
		DB484B982AD60C0A00E59A44 /* ListView.swift */ = {isa = PBXFileReference; lastKnownFileType = sourcecode.swift; path = ListView.swift; sourceTree = "<group>"; };
		DB484B9A2AD60CB800E59A44 /* ListViewMock.swift */ = {isa = PBXFileReference; lastKnownFileType = sourcecode.swift; path = ListViewMock.swift; sourceTree = "<group>"; };
		DB484B9C2AD6105F00E59A44 /* ListViewHome.swift */ = {isa = PBXFileReference; lastKnownFileType = sourcecode.swift; path = ListViewHome.swift; sourceTree = "<group>"; };
		DB484B9E2AD625E500E59A44 /* ContentViewHome.swift */ = {isa = PBXFileReference; lastKnownFileType = sourcecode.swift; path = ContentViewHome.swift; sourceTree = "<group>"; };
		DB4BA0462AE0941E00429218 /* DetailViews.swift */ = {isa = PBXFileReference; lastKnownFileType = sourcecode.swift; path = DetailViews.swift; sourceTree = "<group>"; };
		DB6A7E552AD89F42005F1065 /* CarrosselHome.swift */ = {isa = PBXFileReference; lastKnownFileType = sourcecode.swift; path = CarrosselHome.swift; sourceTree = "<group>"; };
		DB6A7E572AD8A275005F1065 /* CarrosselTabViewHome.swift */ = {isa = PBXFileReference; lastKnownFileType = sourcecode.swift; path = CarrosselTabViewHome.swift; sourceTree = "<group>"; };
		DB6A7E5A2AD8A7D4005F1065 /* LojasParceiras.swift */ = {isa = PBXFileReference; lastKnownFileType = sourcecode.swift; path = LojasParceiras.swift; sourceTree = "<group>"; };
		DB6A7E602AD8CB11005F1065 /* HomeVIewApp.swift */ = {isa = PBXFileReference; lastKnownFileType = sourcecode.swift; path = HomeVIewApp.swift; sourceTree = "<group>"; };
		DB7CA46C2AD0CD720055889F /* NewObject.swift */ = {isa = PBXFileReference; lastKnownFileType = sourcecode.swift; path = NewObject.swift; sourceTree = "<group>"; };
		DB7CA4712AD0E1B00055889F /* HomeService.swift */ = {isa = PBXFileReference; lastKnownFileType = sourcecode.swift; path = HomeService.swift; sourceTree = "<group>"; };
		DB7CA4732AD0FB360055889F /* TestView.swift */ = {isa = PBXFileReference; lastKnownFileType = sourcecode.swift; path = TestView.swift; sourceTree = "<group>"; };
		DBC3283A2ACC3C22009A3A12 /* Meu-Dinheiro.app */ = {isa = PBXFileReference; explicitFileType = wrapper.application; includeInIndex = 0; path = "Meu-Dinheiro.app"; sourceTree = BUILT_PRODUCTS_DIR; };
		DBC3283D2ACC3C22009A3A12 /* MeuDinheiroApp.swift */ = {isa = PBXFileReference; lastKnownFileType = sourcecode.swift; path = MeuDinheiroApp.swift; sourceTree = "<group>"; };
		DBC3283F2ACC3C22009A3A12 /* ContentView.swift */ = {isa = PBXFileReference; lastKnownFileType = sourcecode.swift; path = ContentView.swift; sourceTree = "<group>"; };
		DBC328412ACC3C2C009A3A12 /* Assets.xcassets */ = {isa = PBXFileReference; lastKnownFileType = folder.assetcatalog; path = Assets.xcassets; sourceTree = "<group>"; };
		DBC328442ACC3C2C009A3A12 /* Preview Assets.xcassets */ = {isa = PBXFileReference; lastKnownFileType = folder.assetcatalog; path = "Preview Assets.xcassets"; sourceTree = "<group>"; };
/* End PBXFileReference section */

/* Begin PBXFrameworksBuildPhase section */
		DBC328372ACC3C22009A3A12 /* Frameworks */ = {
			isa = PBXFrameworksBuildPhase;
			buildActionMask = 2147483647;
			files = (
				DB484B862AD594C900E59A44 /* Alamofire in Frameworks */,
			);
			runOnlyForDeploymentPostprocessing = 0;
		};
/* End PBXFrameworksBuildPhase section */

/* Begin PBXGroup section */
		2AB1E2182D9CD021009AAF9A /* Extensions */ = {
			isa = PBXGroup;
			children = (
				2AB1E2192D9CD04F009AAF9A /* Extensions .swift */,
			);
			path = Extensions;
			sourceTree = "<group>";
		};
		2AB1E21C2D9CD49F009AAF9A /* Doc */ = {
			isa = PBXGroup;
			children = (
				2AB1E2202D9CD50C009AAF9A /* Doc.txt */,
			);
			path = Doc;
			sourceTree = "<group>";
		};
		DB484B832AD594AD00E59A44 /* Alamofire  */ = {
			isa = PBXGroup;
			children = (
				DB484B872AD594E900E59A44 /* RequestAlamofireTest.swift */,
			);
			name = "Alamofire ";
			sourceTree = "<group>";
		};
		DB484B892AD59F0F00E59A44 /* HomeApp */ = {
			isa = PBXGroup;
			children = (
				DB484B952AD5FB8C00E59A44 /* ServiceHome */,
			);
			path = HomeApp;
			sourceTree = "<group>";
		};
		DB484B922AD5F63A00E59A44 /* MeuDinheiroApp */ = {
			isa = PBXGroup;
			children = (
				DBC3283D2ACC3C22009A3A12 /* MeuDinheiroApp.swift */,
				DB484B9E2AD625E500E59A44 /* ContentViewHome.swift */,
				DB418AD52AF09785009836DA /* RegisterViewHome.swift */,
			);
			path = MeuDinheiroApp;
			sourceTree = "<group>";
		};
		DB484B952AD5FB8C00E59A44 /* ServiceHome */ = {
			isa = PBXGroup;
			children = (
				DB484B962AD5FBAF00E59A44 /* ServiceHome.swift */,
				DB484B9C2AD6105F00E59A44 /* ListViewHome.swift */,
			);
			path = ServiceHome;
			sourceTree = "<group>";
		};
		DB6A7E542AD89F22005F1065 /* CarrosselViewHome */ = {
			isa = PBXGroup;
			children = (
				DB6A7E552AD89F42005F1065 /* CarrosselHome.swift */,
				DB6A7E572AD8A275005F1065 /* CarrosselTabViewHome.swift */,
			);
			path = CarrosselViewHome;
			sourceTree = "<group>";
		};
		DB6A7E592AD8A79F005F1065 /* ItemLojas */ = {
			isa = PBXGroup;
			children = (
				DB6A7E5A2AD8A7D4005F1065 /* LojasParceiras.swift */,
			);
			path = ItemLojas;
			sourceTree = "<group>";
		};
		DB6A7E5F2AD8CAEC005F1065 /* HomeView */ = {
			isa = PBXGroup;
			children = (
				DB6A7E602AD8CB11005F1065 /* HomeVIewApp.swift */,
			);
			path = HomeView;
			sourceTree = "<group>";
		};
		DB7CA46E2AD0CDBA0055889F /* Model */ = {
			isa = PBXGroup;
			children = (
				DB7CA46C2AD0CD720055889F /* NewObject.swift */,
				DB484B982AD60C0A00E59A44 /* ListView.swift */,
				DB484B9A2AD60CB800E59A44 /* ListViewMock.swift */,
				DB4BA0462AE0941E00429218 /* DetailViews.swift */,
			);
			path = Model;
			sourceTree = "<group>";
		};
		DB7CA46F2AD0E15F0055889F /* View */ = {
			isa = PBXGroup;
			children = (
				DBC3283F2ACC3C22009A3A12 /* ContentView.swift */,
				DB7CA4732AD0FB360055889F /* TestView.swift */,
			);
			path = View;
			sourceTree = "<group>";
		};
		DB7CA4702AD0E1750055889F /* Networking */ = {
			isa = PBXGroup;
			children = (
				DB7CA4712AD0E1B00055889F /* HomeService.swift */,
			);
			name = Networking;
			sourceTree = "<group>";
		};
		DBC328312ACC3C22009A3A12 = {
			isa = PBXGroup;
			children = (
				2AB1E21C2D9CD49F009AAF9A /* Doc */,
				DB484B922AD5F63A00E59A44 /* MeuDinheiroApp */,
				2AB1E2182D9CD021009AAF9A /* Extensions */,
				DB6A7E5F2AD8CAEC005F1065 /* HomeView */,
				DB6A7E542AD89F22005F1065 /* CarrosselViewHome */,
				DB484B892AD59F0F00E59A44 /* HomeApp */,
				DB7CA46E2AD0CDBA0055889F /* Model */,
				DB7CA4702AD0E1750055889F /* Networking */,
				DB6A7E592AD8A79F005F1065 /* ItemLojas */,
				DB484B832AD594AD00E59A44 /* Alamofire  */,
				DBC3283C2ACC3C22009A3A12 /* Meu-Dinheiro */,
				DBC3283B2ACC3C22009A3A12 /* Products */,
			);
			sourceTree = "<group>";
		};
		DBC3283B2ACC3C22009A3A12 /* Products */ = {
			isa = PBXGroup;
			children = (
				DBC3283A2ACC3C22009A3A12 /* Meu-Dinheiro.app */,
			);
			name = Products;
			sourceTree = "<group>";
		};
		DBC3283C2ACC3C22009A3A12 /* Meu-Dinheiro */ = {
			isa = PBXGroup;
			children = (
				DB7CA46F2AD0E15F0055889F /* View */,
				DBC328412ACC3C2C009A3A12 /* Assets.xcassets */,
				DBC328432ACC3C2C009A3A12 /* Preview Content */,
			);
			path = "Meu-Dinheiro";
			sourceTree = "<group>";
		};
		DBC328432ACC3C2C009A3A12 /* Preview Content */ = {
			isa = PBXGroup;
			children = (
				DBC328442ACC3C2C009A3A12 /* Preview Assets.xcassets */,
			);
			path = "Preview Content";
			sourceTree = "<group>";
		};
/* End PBXGroup section */

/* Begin PBXNativeTarget section */
		DBC328392ACC3C22009A3A12 /* Meu-Dinheiro */ = {
			isa = PBXNativeTarget;
			buildConfigurationList = DBC328482ACC3C2C009A3A12 /* Build configuration list for PBXNativeTarget "Meu-Dinheiro" */;
			buildPhases = (
				DBC328362ACC3C22009A3A12 /* Sources */,
				DBC328372ACC3C22009A3A12 /* Frameworks */,
				DBC328382ACC3C22009A3A12 /* Resources */,
			);
			buildRules = (
			);
			dependencies = (
			);
			name = "Meu-Dinheiro";
			packageProductDependencies = (
				DB484B852AD594C900E59A44 /* Alamofire */,
			);
			productName = "Meu-Dinheiro";
			productReference = DBC3283A2ACC3C22009A3A12 /* Meu-Dinheiro.app */;
			productType = "com.apple.product-type.application";
		};
/* End PBXNativeTarget section */

/* Begin PBXProject section */
		DBC328322ACC3C22009A3A12 /* Project object */ = {
			isa = PBXProject;
			attributes = {
				BuildIndependentTargetsInParallel = 1;
				LastSwiftUpdateCheck = 1410;
				LastUpgradeCheck = 1410;
				TargetAttributes = {
					DBC328392ACC3C22009A3A12 = {
						CreatedOnToolsVersion = 14.1;
					};
				};
			};
			buildConfigurationList = DBC328352ACC3C22009A3A12 /* Build configuration list for PBXProject "Meu-Dinheiro" */;
			compatibilityVersion = "Xcode 14.0";
			developmentRegion = en;
			hasScannedForEncodings = 0;
			knownRegions = (
				en,
				Base,
			);
			mainGroup = DBC328312ACC3C22009A3A12;
			packageReferences = (
				DB484B842AD594C900E59A44 /* XCRemoteSwiftPackageReference "Alamofire" */,
			);
			productRefGroup = DBC3283B2ACC3C22009A3A12 /* Products */;
			projectDirPath = "";
			projectRoot = "";
			targets = (
				DBC328392ACC3C22009A3A12 /* Meu-Dinheiro */,
			);
		};
/* End PBXProject section */

/* Begin PBXResourcesBuildPhase section */
		DBC328382ACC3C22009A3A12 /* Resources */ = {
			isa = PBXResourcesBuildPhase;
			buildActionMask = 2147483647;
			files = (
				DBC328452ACC3C2C009A3A12 /* Preview Assets.xcassets in Resources */,
				DBC328422ACC3C2C009A3A12 /* Assets.xcassets in Resources */,
			);
			runOnlyForDeploymentPostprocessing = 0;
		};
/* End PBXResourcesBuildPhase section */

/* Begin PBXSourcesBuildPhase section */
		DBC328362ACC3C22009A3A12 /* Sources */ = {
			isa = PBXSourcesBuildPhase;
			buildActionMask = 2147483647;
			files = (
				DB484B9B2AD60CB800E59A44 /* ListViewMock.swift in Sources */,
				DB6A7E612AD8CB11005F1065 /* HomeVIewApp.swift in Sources */,
				DB418AD62AF09785009836DA /* RegisterViewHome.swift in Sources */,
				DBC328402ACC3C22009A3A12 /* ContentView.swift in Sources */,
				2AB1E21A2D9CD04F009AAF9A /* Extensions .swift in Sources */,
				DB7CA4742AD0FB360055889F /* TestView.swift in Sources */,
				DB484B9F2AD625E500E59A44 /* ContentViewHome.swift in Sources */,
				DB6A7E582AD8A275005F1065 /* CarrosselTabViewHome.swift in Sources */,
				DB484B882AD594E900E59A44 /* RequestAlamofireTest.swift in Sources */,
				DBC3283E2ACC3C22009A3A12 /* MeuDinheiroApp.swift in Sources */,
				DB7CA4722AD0E1B00055889F /* HomeService.swift in Sources */,
				DB7CA46D2AD0CD720055889F /* NewObject.swift in Sources */,
				DB484B972AD5FBAF00E59A44 /* ServiceHome.swift in Sources */,
				DB4BA0472AE0941E00429218 /* DetailViews.swift in Sources */,
				DB484B992AD60C0A00E59A44 /* ListView.swift in Sources */,
				DB484B9D2AD6105F00E59A44 /* ListViewHome.swift in Sources */,
				DB6A7E562AD89F42005F1065 /* CarrosselHome.swift in Sources */,
				DB6A7E5B2AD8A7D4005F1065 /* LojasParceiras.swift in Sources */,
			);
			runOnlyForDeploymentPostprocessing = 0;
		};
/* End PBXSourcesBuildPhase section */

/* Begin XCBuildConfiguration section */
		DBC328462ACC3C2C009A3A12 /* Debug */ = {
			isa = XCBuildConfiguration;
			buildSettings = {
				ALWAYS_SEARCH_USER_PATHS = NO;
				CLANG_ANALYZER_NONNULL = YES;
				CLANG_ANALYZER_NUMBER_OBJECT_CONVERSION = YES_AGGRESSIVE;
				CLANG_CXX_LANGUAGE_STANDARD = "gnu++20";
				CLANG_ENABLE_MODULES = YES;
				CLANG_ENABLE_OBJC_ARC = YES;
				CLANG_ENABLE_OBJC_WEAK = YES;
				CLANG_WARN_BLOCK_CAPTURE_AUTORELEASING = YES;
				CLANG_WARN_BOOL_CONVERSION = YES;
				CLANG_WARN_COMMA = YES;
				CLANG_WARN_CONSTANT_CONVERSION = YES;
				CLANG_WARN_DEPRECATED_OBJC_IMPLEMENTATIONS = YES;
				CLANG_WARN_DIRECT_OBJC_ISA_USAGE = YES_ERROR;
				CLANG_WARN_DOCUMENTATION_COMMENTS = YES;
				CLANG_WARN_EMPTY_BODY = YES;
				CLANG_WARN_ENUM_CONVERSION = YES;
				CLANG_WARN_INFINITE_RECURSION = YES;
				CLANG_WARN_INT_CONVERSION = YES;
				CLANG_WARN_NON_LITERAL_NULL_CONVERSION = YES;
				CLANG_WARN_OBJC_IMPLICIT_RETAIN_SELF = YES;
				CLANG_WARN_OBJC_LITERAL_CONVERSION = YES;
				CLANG_WARN_OBJC_ROOT_CLASS = YES_ERROR;
				CLANG_WARN_QUOTED_INCLUDE_IN_FRAMEWORK_HEADER = YES;
				CLANG_WARN_RANGE_LOOP_ANALYSIS = YES;
				CLANG_WARN_STRICT_PROTOTYPES = YES;
				CLANG_WARN_SUSPICIOUS_MOVE = YES;
				CLANG_WARN_UNGUARDED_AVAILABILITY = YES_AGGRESSIVE;
				CLANG_WARN_UNREACHABLE_CODE = YES;
				CLANG_WARN__DUPLICATE_METHOD_MATCH = YES;
				COPY_PHASE_STRIP = NO;
				DEBUG_INFORMATION_FORMAT = dwarf;
				ENABLE_STRICT_OBJC_MSGSEND = YES;
				ENABLE_TESTABILITY = YES;
				GCC_C_LANGUAGE_STANDARD = gnu11;
				GCC_DYNAMIC_NO_PIC = NO;
				GCC_NO_COMMON_BLOCKS = YES;
				GCC_OPTIMIZATION_LEVEL = 0;
				GCC_PREPROCESSOR_DEFINITIONS = (
					"DEBUG=1",
					"$(inherited)",
				);
				GCC_WARN_64_TO_32_BIT_CONVERSION = YES;
				GCC_WARN_ABOUT_RETURN_TYPE = YES_ERROR;
				GCC_WARN_UNDECLARED_SELECTOR = YES;
				GCC_WARN_UNINITIALIZED_AUTOS = YES_AGGRESSIVE;
				GCC_WARN_UNUSED_FUNCTION = YES;
				GCC_WARN_UNUSED_VARIABLE = YES;
				IPHONEOS_DEPLOYMENT_TARGET = 16.1;
				MTL_ENABLE_DEBUG_INFO = INCLUDE_SOURCE;
				MTL_FAST_MATH = YES;
				ONLY_ACTIVE_ARCH = YES;
				SDKROOT = iphoneos;
				SWIFT_ACTIVE_COMPILATION_CONDITIONS = DEBUG;
				SWIFT_OPTIMIZATION_LEVEL = "-Onone";
			};
			name = Debug;
		};
		DBC328472ACC3C2C009A3A12 /* Release */ = {
			isa = XCBuildConfiguration;
			buildSettings = {
				ALWAYS_SEARCH_USER_PATHS = NO;
				CLANG_ANALYZER_NONNULL = YES;
				CLANG_ANALYZER_NUMBER_OBJECT_CONVERSION = YES_AGGRESSIVE;
				CLANG_CXX_LANGUAGE_STANDARD = "gnu++20";
				CLANG_ENABLE_MODULES = YES;
				CLANG_ENABLE_OBJC_ARC = YES;
				CLANG_ENABLE_OBJC_WEAK = YES;
				CLANG_WARN_BLOCK_CAPTURE_AUTORELEASING = YES;
				CLANG_WARN_BOOL_CONVERSION = YES;
				CLANG_WARN_COMMA = YES;
				CLANG_WARN_CONSTANT_CONVERSION = YES;
				CLANG_WARN_DEPRECATED_OBJC_IMPLEMENTATIONS = YES;
				CLANG_WARN_DIRECT_OBJC_ISA_USAGE = YES_ERROR;
				CLANG_WARN_DOCUMENTATION_COMMENTS = YES;
				CLANG_WARN_EMPTY_BODY = YES;
				CLANG_WARN_ENUM_CONVERSION = YES;
				CLANG_WARN_INFINITE_RECURSION = YES;
				CLANG_WARN_INT_CONVERSION = YES;
				CLANG_WARN_NON_LITERAL_NULL_CONVERSION = YES;
				CLANG_WARN_OBJC_IMPLICIT_RETAIN_SELF = YES;
				CLANG_WARN_OBJC_LITERAL_CONVERSION = YES;
				CLANG_WARN_OBJC_ROOT_CLASS = YES_ERROR;
				CLANG_WARN_QUOTED_INCLUDE_IN_FRAMEWORK_HEADER = YES;
				CLANG_WARN_RANGE_LOOP_ANALYSIS = YES;
				CLANG_WARN_STRICT_PROTOTYPES = YES;
				CLANG_WARN_SUSPICIOUS_MOVE = YES;
				CLANG_WARN_UNGUARDED_AVAILABILITY = YES_AGGRESSIVE;
				CLANG_WARN_UNREACHABLE_CODE = YES;
				CLANG_WARN__DUPLICATE_METHOD_MATCH = YES;
				COPY_PHASE_STRIP = NO;
				DEBUG_INFORMATION_FORMAT = "dwarf-with-dsym";
				ENABLE_NS_ASSERTIONS = NO;
				ENABLE_STRICT_OBJC_MSGSEND = YES;
				GCC_C_LANGUAGE_STANDARD = gnu11;
				GCC_NO_COMMON_BLOCKS = YES;
				GCC_WARN_64_TO_32_BIT_CONVERSION = YES;
				GCC_WARN_ABOUT_RETURN_TYPE = YES_ERROR;
				GCC_WARN_UNDECLARED_SELECTOR = YES;
				GCC_WARN_UNINITIALIZED_AUTOS = YES_AGGRESSIVE;
				GCC_WARN_UNUSED_FUNCTION = YES;
				GCC_WARN_UNUSED_VARIABLE = YES;
				IPHONEOS_DEPLOYMENT_TARGET = 16.1;
				MTL_ENABLE_DEBUG_INFO = NO;
				MTL_FAST_MATH = YES;
				SDKROOT = iphoneos;
				SWIFT_COMPILATION_MODE = wholemodule;
				SWIFT_OPTIMIZATION_LEVEL = "-O";
				VALIDATE_PRODUCT = YES;
			};
			name = Release;
		};
		DBC328492ACC3C2C009A3A12 /* Debug */ = {
			isa = XCBuildConfiguration;
			buildSettings = {
				ASSETCATALOG_COMPILER_APPICON_NAME = AppIcon;
				ASSETCATALOG_COMPILER_GLOBAL_ACCENT_COLOR_NAME = AccentColor;
				CODE_SIGN_STYLE = Automatic;
				CURRENT_PROJECT_VERSION = 1;
				DEVELOPMENT_ASSET_PATHS = "\"Meu-Dinheiro/Preview Content\"";
				ENABLE_PREVIEWS = YES;
				GENERATE_INFOPLIST_FILE = YES;
				INFOPLIST_KEY_UIApplicationSceneManifest_Generation = YES;
				INFOPLIST_KEY_UIApplicationSupportsIndirectInputEvents = YES;
				INFOPLIST_KEY_UILaunchScreen_Generation = YES;
				INFOPLIST_KEY_UISupportedInterfaceOrientations_iPad = "UIInterfaceOrientationPortrait UIInterfaceOrientationPortraitUpsideDown UIInterfaceOrientationLandscapeLeft UIInterfaceOrientationLandscapeRight";
				INFOPLIST_KEY_UISupportedInterfaceOrientations_iPhone = "UIInterfaceOrientationPortrait UIInterfaceOrientationLandscapeLeft UIInterfaceOrientationLandscapeRight";
				LD_RUNPATH_SEARCH_PATHS = (
					"$(inherited)",
					"@executable_path/Frameworks",
				);
				MARKETING_VERSION = 1.0;
				PRODUCT_BUNDLE_IDENTIFIER = "diegofssi.Meu-Dinheiro";
				PRODUCT_NAME = "$(TARGET_NAME)";
				SWIFT_EMIT_LOC_STRINGS = YES;
				SWIFT_VERSION = 5.0;
				TARGETED_DEVICE_FAMILY = "1,2";
			};
			name = Debug;
		};
		DBC3284A2ACC3C2C009A3A12 /* Release */ = {
			isa = XCBuildConfiguration;
			buildSettings = {
				ASSETCATALOG_COMPILER_APPICON_NAME = AppIcon;
				ASSETCATALOG_COMPILER_GLOBAL_ACCENT_COLOR_NAME = AccentColor;
				CODE_SIGN_STYLE = Automatic;
				CURRENT_PROJECT_VERSION = 1;
				DEVELOPMENT_ASSET_PATHS = "\"Meu-Dinheiro/Preview Content\"";
				ENABLE_PREVIEWS = YES;
				GENERATE_INFOPLIST_FILE = YES;
				INFOPLIST_KEY_UIApplicationSceneManifest_Generation = YES;
				INFOPLIST_KEY_UIApplicationSupportsIndirectInputEvents = YES;
				INFOPLIST_KEY_UILaunchScreen_Generation = YES;
				INFOPLIST_KEY_UISupportedInterfaceOrientations_iPad = "UIInterfaceOrientationPortrait UIInterfaceOrientationPortraitUpsideDown UIInterfaceOrientationLandscapeLeft UIInterfaceOrientationLandscapeRight";
				INFOPLIST_KEY_UISupportedInterfaceOrientations_iPhone = "UIInterfaceOrientationPortrait UIInterfaceOrientationLandscapeLeft UIInterfaceOrientationLandscapeRight";
				LD_RUNPATH_SEARCH_PATHS = (
					"$(inherited)",
					"@executable_path/Frameworks",
				);
				MARKETING_VERSION = 1.0;
				PRODUCT_BUNDLE_IDENTIFIER = "diegofssi.Meu-Dinheiro";
				PRODUCT_NAME = "$(TARGET_NAME)";
				SWIFT_EMIT_LOC_STRINGS = YES;
				SWIFT_VERSION = 5.0;
				TARGETED_DEVICE_FAMILY = "1,2";
			};
			name = Release;
		};
/* End XCBuildConfiguration section */

/* Begin XCConfigurationList section */
		DBC328352ACC3C22009A3A12 /* Build configuration list for PBXProject "Meu-Dinheiro" */ = {
			isa = XCConfigurationList;
			buildConfigurations = (
				DBC328462ACC3C2C009A3A12 /* Debug */,
				DBC328472ACC3C2C009A3A12 /* Release */,
			);
			defaultConfigurationIsVisible = 0;
			defaultConfigurationName = Release;
		};
		DBC328482ACC3C2C009A3A12 /* Build configuration list for PBXNativeTarget "Meu-Dinheiro" */ = {
			isa = XCConfigurationList;
			buildConfigurations = (
				DBC328492ACC3C2C009A3A12 /* Debug */,
				DBC3284A2ACC3C2C009A3A12 /* Release */,
			);
			defaultConfigurationIsVisible = 0;
			defaultConfigurationName = Release;
		};
/* End XCConfigurationList section */

/* Begin XCRemoteSwiftPackageReference section */
		DB484B842AD594C900E59A44 /* XCRemoteSwiftPackageReference "Alamofire" */ = {
			isa = XCRemoteSwiftPackageReference;
			repositoryURL = "https://github.com/Alamofire/Alamofire.git";
			requirement = {
				kind = upToNextMajorVersion;
				minimumVersion = 5.0.0;
			};
		};
/* End XCRemoteSwiftPackageReference section */

/* Begin XCSwiftPackageProductDependency section */
		DB484B852AD594C900E59A44 /* Alamofire */ = {
			isa = XCSwiftPackageProductDependency;
			package = DB484B842AD594C900E59A44 /* XCRemoteSwiftPackageReference "Alamofire" */;
			productName = Alamofire;
		};
/* End XCSwiftPackageProductDependency section */
	};
	rootObject = DBC328322ACC3C22009A3A12 /* Project object */;
}
